// !$*UTF8*$!
{
	archiveVersion = 1;
	classes = {
	};
	objectVersion = 46;
	objects = {

/* Begin PBXBuildFile section */
		840AB4E31E75D10200578083 /* PlayerCell.swift in Sources */ = {isa = PBXBuildFile; fileRef = 840AB4E21E75D10200578083 /* PlayerCell.swift */; };
		84BD1F9C1E7354510003BC2F /* AppDelegate.swift in Sources */ = {isa = PBXBuildFile; fileRef = 84BD1F9B1E7354510003BC2F /* AppDelegate.swift */; };
		84BD1F9E1E7354510003BC2F /* ViewController.swift in Sources */ = {isa = PBXBuildFile; fileRef = 84BD1F9D1E7354510003BC2F /* ViewController.swift */; };
		84BD1FA11E7354510003BC2F /* Main.storyboard in Resources */ = {isa = PBXBuildFile; fileRef = 84BD1F9F1E7354510003BC2F /* Main.storyboard */; };
		84BD1FA31E7354510003BC2F /* Assets.xcassets in Resources */ = {isa = PBXBuildFile; fileRef = 84BD1FA21E7354510003BC2F /* Assets.xcassets */; };
		84BD1FA61E7354510003BC2F /* LaunchScreen.storyboard in Resources */ = {isa = PBXBuildFile; fileRef = 84BD1FA41E7354510003BC2F /* LaunchScreen.storyboard */; };
		84BD1FB21E7363090003BC2F /* PlayersViewController.swift in Sources */ = {isa = PBXBuildFile; fileRef = 84BD1FB11E7363090003BC2F /* PlayersViewController.swift */; };
		84BD1FB41E7363AB0003BC2F /* Player.swift in Sources */ = {isa = PBXBuildFile; fileRef = 84BD1FB31E7363AB0003BC2F /* Player.swift */; };
		84BD1FB61E7364000003BC2F /* SampleData.swift in Sources */ = {isa = PBXBuildFile; fileRef = 84BD1FB51E7364000003BC2F /* SampleData.swift */; };
/* End PBXBuildFile section */

/* Begin PBXFileReference section */
		840AB4E21E75D10200578083 /* PlayerCell.swift */ = {isa = PBXFileReference; fileEncoding = 4; lastKnownFileType = sourcecode.swift; path = PlayerCell.swift; sourceTree = "<group>"; };
		84BD1F981E7354510003BC2F /* Ratings.app */ = {isa = PBXFileReference; explicitFileType = wrapper.application; includeInIndex = 0; path = Ratings.app; sourceTree = BUILT_PRODUCTS_DIR; };
		84BD1F9B1E7354510003BC2F /* AppDelegate.swift */ = {isa = PBXFileReference; lastKnownFileType = sourcecode.swift; path = AppDelegate.swift; sourceTree = "<group>"; };
		84BD1F9D1E7354510003BC2F /* ViewController.swift */ = {isa = PBXFileReference; lastKnownFileType = sourcecode.swift; path = ViewController.swift; sourceTree = "<group>"; };
		84BD1FA01E7354510003BC2F /* Base */ = {isa = PBXFileReference; lastKnownFileType = file.storyboard; name = Base; path = Base.lproj/Main.storyboard; sourceTree = "<group>"; };
		84BD1FA21E7354510003BC2F /* Assets.xcassets */ = {isa = PBXFileReference; lastKnownFileType = folder.assetcatalog; path = Assets.xcassets; sourceTree = "<group>"; };
		84BD1FA51E7354510003BC2F /* Base */ = {isa = PBXFileReference; lastKnownFileType = file.storyboard; name = Base; path = Base.lproj/LaunchScreen.storyboard; sourceTree = "<group>"; };
		84BD1FA71E7354510003BC2F /* Info.plist */ = {isa = PBXFileReference; lastKnownFileType = text.plist.xml; path = Info.plist; sourceTree = "<group>"; };
		84BD1FB11E7363090003BC2F /* PlayersViewController.swift */ = {isa = PBXFileReference; fileEncoding = 4; lastKnownFileType = sourcecode.swift; path = PlayersViewController.swift; sourceTree = "<group>"; };
		84BD1FB31E7363AB0003BC2F /* Player.swift */ = {isa = PBXFileReference; fileEncoding = 4; lastKnownFileType = sourcecode.swift; path = Player.swift; sourceTree = "<group>"; };
		84BD1FB51E7364000003BC2F /* SampleData.swift */ = {isa = PBXFileReference; fileEncoding = 4; lastKnownFileType = sourcecode.swift; path = SampleData.swift; sourceTree = "<group>"; };
/* End PBXFileReference section */

/* Begin PBXFrameworksBuildPhase section */
		84BD1F951E7354500003BC2F /* Frameworks */ = {
			isa = PBXFrameworksBuildPhase;
			buildActionMask = 2147483647;
			files = (
			);
			runOnlyForDeploymentPostprocessing = 0;
		};
/* End PBXFrameworksBuildPhase section */

/* Begin PBXGroup section */
		84BD1F8F1E7354500003BC2F = {
			isa = PBXGroup;
			children = (
				84BD1F9A1E7354510003BC2F /* Ratings */,
				84BD1F991E7354510003BC2F /* Products */,
			);
			sourceTree = "<group>";
		};
		84BD1F991E7354510003BC2F /* Products */ = {
			isa = PBXGroup;
			children = (
				84BD1F981E7354510003BC2F /* Ratings.app */,
			);
			name = Products;
			sourceTree = "<group>";
		};
		84BD1F9A1E7354510003BC2F /* Ratings */ = {
			isa = PBXGroup;
			children = (
				84BD1F9B1E7354510003BC2F /* AppDelegate.swift */,
				84BD1F9D1E7354510003BC2F /* ViewController.swift */,
				84BD1F9F1E7354510003BC2F /* Main.storyboard */,
				84BD1FB31E7363AB0003BC2F /* Player.swift */,
				84BD1FB51E7364000003BC2F /* SampleData.swift */,
				84BD1FB11E7363090003BC2F /* PlayersViewController.swift */,
				84BD1FA21E7354510003BC2F /* Assets.xcassets */,
				84BD1FA41E7354510003BC2F /* LaunchScreen.storyboard */,
				84BD1FA71E7354510003BC2F /* Info.plist */,
				840AB4E21E75D10200578083 /* PlayerCell.swift */,
			);
			path = Ratings;
			sourceTree = "<group>";
		};
/* End PBXGroup section */

/* Begin PBXNativeTarget section */
		84BD1F971E7354500003BC2F /* Ratings */ = {
			isa = PBXNativeTarget;
			buildConfigurationList = 84BD1FAA1E7354510003BC2F /* Build configuration list for PBXNativeTarget "Ratings" */;
			buildPhases = (
				84BD1F941E7354500003BC2F /* Sources */,
				84BD1F951E7354500003BC2F /* Frameworks */,
				84BD1F961E7354500003BC2F /* Resources */,
			);
			buildRules = (
			);
			dependencies = (
			);
			name = Ratings;
			productName = Ratings;
			productReference = 84BD1F981E7354510003BC2F /* Ratings.app */;
			productType = "com.apple.product-type.application";
		};
/* End PBXNativeTarget section */

/* Begin PBXProject section */
		84BD1F901E7354500003BC2F /* Project object */ = {
			isa = PBXProject;
			attributes = {
				LastSwiftUpdateCheck = 0820;
				LastUpgradeCheck = 0820;
				ORGANIZATIONNAME = Admin;
				TargetAttributes = {
					84BD1F971E7354500003BC2F = {
						CreatedOnToolsVersion = 8.2.1;
						ProvisioningStyle = Automatic;
					};
				};
			};
			buildConfigurationList = 84BD1F931E7354500003BC2F /* Build configuration list for PBXProject "Ratings" */;
			compatibilityVersion = "Xcode 3.2";
			developmentRegion = English;
			hasScannedForEncodings = 0;
			knownRegions = (
				en,
				Base,
			);
			mainGroup = 84BD1F8F1E7354500003BC2F;
			productRefGroup = 84BD1F991E7354510003BC2F /* Products */;
			projectDirPath = "";
			projectRoot = "";
			targets = (
				84BD1F971E7354500003BC2F /* Ratings */,
			);
		};
/* End PBXProject section */

/* Begin PBXResourcesBuildPhase section */
		84BD1F961E7354500003BC2F /* Resources */ = {
			isa = PBXResourcesBuildPhase;
			buildActionMask = 2147483647;
			files = (
				84BD1FA61E7354510003BC2F /* LaunchScreen.storyboard in Resources */,
				84BD1FA31E7354510003BC2F /* Assets.xcassets in Resources */,
				84BD1FA11E7354510003BC2F /* Main.storyboard in Resources */,
			);
			runOnlyForDeploymentPostprocessing = 0;
		};
/* End PBXResourcesBuildPhase section */

/* Begin PBXSourcesBuildPhase section */
		84BD1F941E7354500003BC2F /* Sources */ = {
			isa = PBXSourcesBuildPhase;
			buildActionMask = 2147483647;
			files = (
				840AB4E31E75D10200578083 /* PlayerCell.swift in Sources */,
				84BD1FB41E7363AB0003BC2F /* Player.swift in Sources */,
				84BD1F9E1E7354510003BC2F /* ViewController.swift in Sources */,
				84BD1F9C1E7354510003BC2F /* AppDelegate.swift in Sources */,
				84BD1FB61E7364000003BC2F /* SampleData.swift in Sources */,
				84BD1FB21E7363090003BC2F /* PlayersViewController.swift in Sources */,
			);
			runOnlyForDeploymentPostprocessing = 0;
		};
/* End PBXSourcesBuildPhase section */

/* Begin PBXVariantGroup section */
		84BD1F9F1E7354510003BC2F /* Main.storyboard */ = {
			isa = PBXVariantGroup;
			children = (
				84BD1FA01E7354510003BC2F /* Base */,
			);
			name = Main.storyboard;
			sourceTree = "<group>";
		};
		84BD1FA41E7354510003BC2F /* LaunchScreen.storyboard */ = {
			isa = PBXVariantGroup;
			children = (
				84BD1FA51E7354510003BC2F /* Base */,
			);
			name = LaunchScreen.storyboard;
			sourceTree = "<group>";
		};
/* End PBXVariantGroup section */

/* Begin XCBuildConfiguration section */
		84BD1FA81E7354510003BC2F /* Debug */ = {
			isa = XCBuildConfiguration;
			buildSettings = {
				ALWAYS_SEARCH_USER_PATHS = NO;
				CLANG_ANALYZER_NONNULL = YES;
				CLANG_CXX_LANGUAGE_STANDARD = "gnu++0x";
				CLANG_CXX_LIBRARY = "libc++";
				CLANG_ENABLE_MODULES = YES;
				CLANG_ENABLE_OBJC_ARC = YES;
				CLANG_WARN_BOOL_CONVERSION = YES;
				CLANG_WARN_CONSTANT_CONVERSION = YES;
				CLANG_WARN_DIRECT_OBJC_ISA_USAGE = YES_ERROR;
				CLANG_WARN_DOCUMENTATION_COMMENTS = YES;
				CLANG_WARN_EMPTY_BODY = YES;
				CLANG_WARN_ENUM_CONVERSION = YES;
				CLANG_WARN_INFINITE_RECURSION = YES;
				CLANG_WARN_INT_CONVERSION = YES;
				CLANG_WARN_OBJC_ROOT_CLASS = YES_ERROR;
				CLANG_WARN_SUSPICIOUS_MOVE = YES;
				CLANG_WARN_UNREACHABLE_CODE = YES;
				CLANG_WARN__DUPLICATE_METHOD_MATCH = YES;
				"CODE_SIGN_IDENTITY[sdk=iphoneos*]" = "iPhone Developer";
				COPY_PHASE_STRIP = NO;
				DEBUG_INFORMATION_FORMAT = dwarf;
				ENABLE_STRICT_OBJC_MSGSEND = YES;
				ENABLE_TESTABILITY = YES;
				GCC_C_LANGUAGE_STANDARD = gnu99;
				GCC_DYNAMIC_NO_PIC = NO;
				GCC_NO_COMMON_BLOCKS = YES;
				GCC_OPTIMIZATION_LEVEL = 0;
				GCC_PREPROCESSOR_DEFINITIONS = (
					"DEBUG=1",
					"$(inherited)",
				);
				GCC_WARN_64_TO_32_BIT_CONVERSION = YES;
				GCC_WARN_ABOUT_RETURN_TYPE = YES_ERROR;
				GCC_WARN_UNDECLARED_SELECTOR = YES;
				GCC_WARN_UNINITIALIZED_AUTOS = YES_AGGRESSIVE;
				GCC_WARN_UNUSED_FUNCTION = YES;
				GCC_WARN_UNUSED_VARIABLE = YES;
				IPHONEOS_DEPLOYMENT_TARGET = 10.2;
				MTL_ENABLE_DEBUG_INFO = YES;
				ONLY_ACTIVE_ARCH = YES;
				SDKROOT = iphoneos;
				SWIFT_ACTIVE_COMPILATION_CONDITIONS = DEBUG;
				SWIFT_OPTIMIZATION_LEVEL = "-Onone";
			};
			name = Debug;
		};
		84BD1FA91E7354510003BC2F /* Release */ = {
			isa = XCBuildConfiguration;
			buildSettings = {
				ALWAYS_SEARCH_USER_PATHS = NO;
				CLANG_ANALYZER_NONNULL = YES;
				CLANG_CXX_LANGUAGE_STANDARD = "gnu++0x";
				CLANG_CXX_LIBRARY = "libc++";
				CLANG_ENABLE_MODULES = YES;
				CLANG_ENABLE_OBJC_ARC = YES;
				CLANG_WARN_BOOL_CONVERSION = YES;
				CLANG_WARN_CONSTANT_CONVERSION = YES;
				CLANG_WARN_DIRECT_OBJC_ISA_USAGE = YES_ERROR;
				CLANG_WARN_DOCUMENTATION_COMMENTS = YES;
				CLANG_WARN_EMPTY_BODY = YES;
				CLANG_WARN_ENUM_CONVERSION = YES;
				CLANG_WARN_INFINITE_RECURSION = YES;
				CLANG_WARN_INT_CONVERSION = YES;
				CLANG_WARN_OBJC_ROOT_CLASS = YES_ERROR;
				CLANG_WARN_SUSPICIOUS_MOVE = YES;
				CLANG_WARN_UNREACHABLE_CODE = YES;
				CLANG_WARN__DUPLICATE_METHOD_MATCH = YES;
				"CODE_SIGN_IDENTITY[sdk=iphoneos*]" = "iPhone Developer";
				COPY_PHASE_STRIP = NO;
				DEBUG_INFORMATION_FORMAT = "dwarf-with-dsym";
				ENABLE_NS_ASSERTIONS = NO;
				ENABLE_STRICT_OBJC_MSGSEND = YES;
				GCC_C_LANGUAGE_STANDARD = gnu99;
				GCC_NO_COMMON_BLOCKS = YES;
				GCC_WARN_64_TO_32_BIT_CONVERSION = YES;
				GCC_WARN_ABOUT_RETURN_TYPE = YES_ERROR;
				GCC_WARN_UNDECLARED_SELECTOR = YES;
				GCC_WARN_UNINITIALIZED_AUTOS = YES_AGGRESSIVE;
				GCC_WARN_UNUSED_FUNCTION = YES;
				GCC_WARN_UNUSED_VARIABLE = YES;
				IPHONEOS_DEPLOYMENT_TARGET = 10.2;
				MTL_ENABLE_DEBUG_INFO = NO;
				SDKROOT = iphoneos;
				SWIFT_OPTIMIZATION_LEVEL = "-Owholemodule";
				VALIDATE_PRODUCT = YES;
			};
			name = Release;
		};
		84BD1FAB1E7354510003BC2F /* Debug */ = {
			isa = XCBuildConfiguration;
			buildSettings = {
				ASSETCATALOG_COMPILER_APPICON_NAME = AppIcon;
				INFOPLIST_FILE = Ratings/Info.plist;
				LD_RUNPATH_SEARCH_PATHS = "$(inherited) @executable_path/Frameworks";
				PRODUCT_BUNDLE_IDENTIFIER = com.harry.Ratings;
				PRODUCT_NAME = "$(TARGET_NAME)";
				SWIFT_VERSION = 3.0;
			};
			name = Debug;
		};
		84BD1FAC1E7354510003BC2F /* Release */ = {
			isa = XCBuildConfiguration;
			buildSettings = {
				ASSETCATALOG_COMPILER_APPICON_NAME = AppIcon;
				INFOPLIST_FILE = Ratings/Info.plist;
				LD_RUNPATH_SEARCH_PATHS = "$(inherited) @executable_path/Frameworks";
				PRODUCT_BUNDLE_IDENTIFIER = com.harry.Ratings;
				PRODUCT_NAME = "$(TARGET_NAME)";
				SWIFT_VERSION = 3.0;
			};
			name = Release;
		};
/* End XCBuildConfiguration section */

/* Begin XCConfigurationList section */
		84BD1F931E7354500003BC2F /* Build configuration list for PBXProject "Ratings" */ = {
			isa = XCConfigurationList;
			buildConfigurations = (
				84BD1FA81E7354510003BC2F /* Debug */,
				84BD1FA91E7354510003BC2F /* Release */,
			);
			defaultConfigurationIsVisible = 0;
			defaultConfigurationName = Release;
		};
		84BD1FAA1E7354510003BC2F /* Build configuration list for PBXNativeTarget "Ratings" */ = {
			isa = XCConfigurationList;
			buildConfigurations = (
				84BD1FAB1E7354510003BC2F /* Debug */,
				84BD1FAC1E7354510003BC2F /* Release */,
			);
			defaultConfigurationIsVisible = 0;
			defaultConfigurationName = Release;
		};
/* End XCConfigurationList section */
	};
	rootObject = 84BD1F901E7354500003BC2F /* Project object */;
}
